
Microsoft Visual Studio Solution File, Format Version 12.00
# Visual Studio Version 17
VisualStudioVersion = 17.0.32014.148
MinimumVisualStudioVersion = 10.0.40219.1
Project("{FAE04EC0-301F-11D3-BF4B-00C04F79EFBC}") = "frogsoft-doudizhu", "frogsoft-doudizhu\frogsoft-doudizhu.csproj", "{77BE7471-7A96-4E5C-88D6-B8139434EAA3}"
EndProject
Global
	GlobalSection(SolutionConfigurationPlatforms) = preSolution
		Debug|Any CPU = Debug|Any CPU
		Release|Any CPU = Release|Any CPU
	EndGlobalSection
	GlobalSection(ProjectConfigurationPlatforms) = postSolution
		{77BE7471-7A96-4E5C-88D6-B8139434EAA3}.Debug|Any CPU.ActiveCfg = Debug|Any CPU
		{77BE7471-7A96-4E5C-88D6-B8139434EAA3}.Debug|Any CPU.Build.0 = Debug|Any CPU
		{77BE7471-7A96-4E5C-88D6-B8139434EAA3}.Release|Any CPU.ActiveCfg = Release|Any CPU
		{77BE7471-7A96-4E5C-88D6-B8139434EAA3}.Release|Any CPU.Build.0 = Release|Any CPU
	EndGlobalSection
	GlobalSection(SolutionProperties) = preSolution
		HideSolutionNode = FALSE
	EndGlobalSection
	GlobalSection(ExtensibilityGlobals) = postSolution
		SolutionGuid = {020EA0C7-B1F4-4CEF-8A9A-F75A88ECE418}
	EndGlobalSection
EndGlobal
